
Microsoft Visual Studio Solution File, Format Version 12.00
# Visual Studio Version 17
VisualStudioVersion = 17.0.31903.59
MinimumVisualStudioVersion = 10.0.40219.1
Project("{FAE04EC0-301F-11D3-BF4B-00C04F79EFBC}") = "API", "API\API.csproj", "{1AA32DB9-D363-46A3-9AEF-5A070B15FD3C}"
EndProject
Project("{FAE04EC0-301F-11D3-BF4B-00C04F79EFBC}") = "Application", "Application\Application.csproj", "{7322CEDE-47AC-45BE-A40C-34D9654CCC8B}"
EndProject
Project("{FAE04EC0-301F-11D3-BF4B-00C04F79EFBC}") = "Persistence", "Persistence\Persistence.csproj", "{C5B0D04B-3A62-4742-8243-6E50C02414F2}"
EndProject
Project("{FAE04EC0-301F-11D3-BF4B-00C04F79EFBC}") = "Domain", "Domain\Domain.csproj", "{1009C748-CAD5-4B83-8F25-F2092115367C}"
EndProject
Global
	GlobalSection(SolutionConfigurationPlatforms) = preSolution
		Debug|Any CPU = Debug|Any CPU
		Release|Any CPU = Release|Any CPU
	EndGlobalSection
	GlobalSection(SolutionProperties) = preSolution
		HideSolutionNode = FALSE
	EndGlobalSection
	GlobalSection(ProjectConfigurationPlatforms) = postSolution
		{1AA32DB9-D363-46A3-9AEF-5A070B15FD3C}.Debug|Any CPU.ActiveCfg = Debug|Any CPU
		{1AA32DB9-D363-46A3-9AEF-5A070B15FD3C}.Debug|Any CPU.Build.0 = Debug|Any CPU
		{1AA32DB9-D363-46A3-9AEF-5A070B15FD3C}.Release|Any CPU.ActiveCfg = Release|Any CPU
		{1AA32DB9-D363-46A3-9AEF-5A070B15FD3C}.Release|Any CPU.Build.0 = Release|Any CPU
		{7322CEDE-47AC-45BE-A40C-34D9654CCC8B}.Debug|Any CPU.ActiveCfg = Debug|Any CPU
		{7322CEDE-47AC-45BE-A40C-34D9654CCC8B}.Debug|Any CPU.Build.0 = Debug|Any CPU
		{7322CEDE-47AC-45BE-A40C-34D9654CCC8B}.Release|Any CPU.ActiveCfg = Release|Any CPU
		{7322CEDE-47AC-45BE-A40C-34D9654CCC8B}.Release|Any CPU.Build.0 = Release|Any CPU
		{C5B0D04B-3A62-4742-8243-6E50C02414F2}.Debug|Any CPU.ActiveCfg = Debug|Any CPU
		{C5B0D04B-3A62-4742-8243-6E50C02414F2}.Debug|Any CPU.Build.0 = Debug|Any CPU
		{C5B0D04B-3A62-4742-8243-6E50C02414F2}.Release|Any CPU.ActiveCfg = Release|Any CPU
		{C5B0D04B-3A62-4742-8243-6E50C02414F2}.Release|Any CPU.Build.0 = Release|Any CPU
		{1009C748-CAD5-4B83-8F25-F2092115367C}.Debug|Any CPU.ActiveCfg = Debug|Any CPU
		{1009C748-CAD5-4B83-8F25-F2092115367C}.Debug|Any CPU.Build.0 = Debug|Any CPU
		{1009C748-CAD5-4B83-8F25-F2092115367C}.Release|Any CPU.ActiveCfg = Release|Any CPU
		{1009C748-CAD5-4B83-8F25-F2092115367C}.Release|Any CPU.Build.0 = Release|Any CPU
	EndGlobalSection
EndGlobal
