
Microsoft Visual Studio Solution File, Format Version 12.00
# Visual Studio Version 16
VisualStudioVersion = 16.0.30114.105
MinimumVisualStudioVersion = 10.0.40219.1
Project("{FAE04EC0-301F-11D3-BF4B-00C04F79EFBC}") = "API", "API\API.csproj", "{FFA8DB79-8D9E-433E-AD36-9BAAF5947111}"
EndProject
Project("{FAE04EC0-301F-11D3-BF4B-00C04F79EFBC}") = "Application", "Application\Application.csproj", "{D28F2C10-9DB7-4008-9CA9-13C390F6D62E}"
EndProject
Project("{FAE04EC0-301F-11D3-BF4B-00C04F79EFBC}") = "Persistance", "Persistance\Persistance.csproj", "{63DF638F-E318-472F-8B14-6D1FADC775E9}"
EndProject
Project("{FAE04EC0-301F-11D3-BF4B-00C04F79EFBC}") = "Domain", "Domain\Domain.csproj", "{65D9EEC2-81C1-4DA5-953B-7CF9653CFF3A}"
EndProject
Global
	GlobalSection(SolutionConfigurationPlatforms) = preSolution
		Debug|Any CPU = Debug|Any CPU
		Debug|x64 = Debug|x64
		Debug|x86 = Debug|x86
		Release|Any CPU = Release|Any CPU
		Release|x64 = Release|x64
		Release|x86 = Release|x86
	EndGlobalSection
	GlobalSection(SolutionProperties) = preSolution
		HideSolutionNode = FALSE
	EndGlobalSection
	GlobalSection(ProjectConfigurationPlatforms) = postSolution
		{FFA8DB79-8D9E-433E-AD36-9BAAF5947111}.Debug|Any CPU.ActiveCfg = Debug|Any CPU
		{FFA8DB79-8D9E-433E-AD36-9BAAF5947111}.Debug|Any CPU.Build.0 = Debug|Any CPU
		{FFA8DB79-8D9E-433E-AD36-9BAAF5947111}.Debug|x64.ActiveCfg = Debug|Any CPU
		{FFA8DB79-8D9E-433E-AD36-9BAAF5947111}.Debug|x64.Build.0 = Debug|Any CPU
		{FFA8DB79-8D9E-433E-AD36-9BAAF5947111}.Debug|x86.ActiveCfg = Debug|Any CPU
		{FFA8DB79-8D9E-433E-AD36-9BAAF5947111}.Debug|x86.Build.0 = Debug|Any CPU
		{FFA8DB79-8D9E-433E-AD36-9BAAF5947111}.Release|Any CPU.ActiveCfg = Release|Any CPU
		{FFA8DB79-8D9E-433E-AD36-9BAAF5947111}.Release|Any CPU.Build.0 = Release|Any CPU
		{FFA8DB79-8D9E-433E-AD36-9BAAF5947111}.Release|x64.ActiveCfg = Release|Any CPU
		{FFA8DB79-8D9E-433E-AD36-9BAAF5947111}.Release|x64.Build.0 = Release|Any CPU
		{FFA8DB79-8D9E-433E-AD36-9BAAF5947111}.Release|x86.ActiveCfg = Release|Any CPU
		{FFA8DB79-8D9E-433E-AD36-9BAAF5947111}.Release|x86.Build.0 = Release|Any CPU
		{D28F2C10-9DB7-4008-9CA9-13C390F6D62E}.Debug|Any CPU.ActiveCfg = Debug|Any CPU
		{D28F2C10-9DB7-4008-9CA9-13C390F6D62E}.Debug|Any CPU.Build.0 = Debug|Any CPU
		{D28F2C10-9DB7-4008-9CA9-13C390F6D62E}.Debug|x64.ActiveCfg = Debug|Any CPU
		{D28F2C10-9DB7-4008-9CA9-13C390F6D62E}.Debug|x64.Build.0 = Debug|Any CPU
		{D28F2C10-9DB7-4008-9CA9-13C390F6D62E}.Debug|x86.ActiveCfg = Debug|Any CPU
		{D28F2C10-9DB7-4008-9CA9-13C390F6D62E}.Debug|x86.Build.0 = Debug|Any CPU
		{D28F2C10-9DB7-4008-9CA9-13C390F6D62E}.Release|Any CPU.ActiveCfg = Release|Any CPU
		{D28F2C10-9DB7-4008-9CA9-13C390F6D62E}.Release|Any CPU.Build.0 = Release|Any CPU
		{D28F2C10-9DB7-4008-9CA9-13C390F6D62E}.Release|x64.ActiveCfg = Release|Any CPU
		{D28F2C10-9DB7-4008-9CA9-13C390F6D62E}.Release|x64.Build.0 = Release|Any CPU
		{D28F2C10-9DB7-4008-9CA9-13C390F6D62E}.Release|x86.ActiveCfg = Release|Any CPU
		{D28F2C10-9DB7-4008-9CA9-13C390F6D62E}.Release|x86.Build.0 = Release|Any CPU
		{63DF638F-E318-472F-8B14-6D1FADC775E9}.Debug|Any CPU.ActiveCfg = Debug|Any CPU
		{63DF638F-E318-472F-8B14-6D1FADC775E9}.Debug|Any CPU.Build.0 = Debug|Any CPU
		{63DF638F-E318-472F-8B14-6D1FADC775E9}.Debug|x64.ActiveCfg = Debug|Any CPU
		{63DF638F-E318-472F-8B14-6D1FADC775E9}.Debug|x64.Build.0 = Debug|Any CPU
		{63DF638F-E318-472F-8B14-6D1FADC775E9}.Debug|x86.ActiveCfg = Debug|Any CPU
		{63DF638F-E318-472F-8B14-6D1FADC775E9}.Debug|x86.Build.0 = Debug|Any CPU
		{63DF638F-E318-472F-8B14-6D1FADC775E9}.Release|Any CPU.ActiveCfg = Release|Any CPU
		{63DF638F-E318-472F-8B14-6D1FADC775E9}.Release|Any CPU.Build.0 = Release|Any CPU
		{63DF638F-E318-472F-8B14-6D1FADC775E9}.Release|x64.ActiveCfg = Release|Any CPU
		{63DF638F-E318-472F-8B14-6D1FADC775E9}.Release|x64.Build.0 = Release|Any CPU
		{63DF638F-E318-472F-8B14-6D1FADC775E9}.Release|x86.ActiveCfg = Release|Any CPU
		{63DF638F-E318-472F-8B14-6D1FADC775E9}.Release|x86.Build.0 = Release|Any CPU
		{65D9EEC2-81C1-4DA5-953B-7CF9653CFF3A}.Debug|Any CPU.ActiveCfg = Debug|Any CPU
		{65D9EEC2-81C1-4DA5-953B-7CF9653CFF3A}.Debug|Any CPU.Build.0 = Debug|Any CPU
		{65D9EEC2-81C1-4DA5-953B-7CF9653CFF3A}.Debug|x64.ActiveCfg = Debug|Any CPU
		{65D9EEC2-81C1-4DA5-953B-7CF9653CFF3A}.Debug|x64.Build.0 = Debug|Any CPU
		{65D9EEC2-81C1-4DA5-953B-7CF9653CFF3A}.Debug|x86.ActiveCfg = Debug|Any CPU
		{65D9EEC2-81C1-4DA5-953B-7CF9653CFF3A}.Debug|x86.Build.0 = Debug|Any CPU
		{65D9EEC2-81C1-4DA5-953B-7CF9653CFF3A}.Release|Any CPU.ActiveCfg = Release|Any CPU
		{65D9EEC2-81C1-4DA5-953B-7CF9653CFF3A}.Release|Any CPU.Build.0 = Release|Any CPU
		{65D9EEC2-81C1-4DA5-953B-7CF9653CFF3A}.Release|x64.ActiveCfg = Release|Any CPU
		{65D9EEC2-81C1-4DA5-953B-7CF9653CFF3A}.Release|x64.Build.0 = Release|Any CPU
		{65D9EEC2-81C1-4DA5-953B-7CF9653CFF3A}.Release|x86.ActiveCfg = Release|Any CPU
		{65D9EEC2-81C1-4DA5-953B-7CF9653CFF3A}.Release|x86.Build.0 = Release|Any CPU
	EndGlobalSection
EndGlobal
